
Microsoft Visual Studio Solution File, Format Version 12.00
# Visual Studio Version 17
VisualStudioVersion = 17.1.32210.238
MinimumVisualStudioVersion = 10.0.40219.1
Project("{FAE04EC0-301F-11D3-BF4B-00C04F79EFBC}") = "Aula_3", "Aula_3\Aula_3.csproj", "{548D78C5-EA90-4394-8BBC-92C418D28517}"
EndProject
Global
	GlobalSection(SolutionConfigurationPlatforms) = preSolution
		Debug|Any CPU = Debug|Any CPU
		Release|Any CPU = Release|Any CPU
	EndGlobalSection
	GlobalSection(ProjectConfigurationPlatforms) = postSolution
		{548D78C5-EA90-4394-8BBC-92C418D28517}.Debug|Any CPU.ActiveCfg = Debug|Any CPU
		{548D78C5-EA90-4394-8BBC-92C418D28517}.Debug|Any CPU.Build.0 = Debug|Any CPU
		{548D78C5-EA90-4394-8BBC-92C418D28517}.Release|Any CPU.ActiveCfg = Release|Any CPU
		{548D78C5-EA90-4394-8BBC-92C418D28517}.Release|Any CPU.Build.0 = Release|Any CPU
	EndGlobalSection
	GlobalSection(SolutionProperties) = preSolution
		HideSolutionNode = FALSE
	EndGlobalSection
	GlobalSection(ExtensibilityGlobals) = postSolution
		SolutionGuid = {24E498F4-E015-4842-89F4-3309F5A41A7F}
	EndGlobalSection
EndGlobal
