
Microsoft Visual Studio Solution File, Format Version 12.00
# Visual Studio Version 17
VisualStudioVersion = 17.1.32210.238
MinimumVisualStudioVersion = 10.0.40219.1
Project("{FAE04EC0-301F-11D3-BF4B-00C04F79EFBC}") = "Aula3", "Aula3\Aula3.csproj", "{10E1DBD4-46CF-4DC8-A11A-9410F75ADC15}"
EndProject
Global
	GlobalSection(SolutionConfigurationPlatforms) = preSolution
		Debug|Any CPU = Debug|Any CPU
		Release|Any CPU = Release|Any CPU
	EndGlobalSection
	GlobalSection(ProjectConfigurationPlatforms) = postSolution
		{10E1DBD4-46CF-4DC8-A11A-9410F75ADC15}.Debug|Any CPU.ActiveCfg = Debug|Any CPU
		{10E1DBD4-46CF-4DC8-A11A-9410F75ADC15}.Debug|Any CPU.Build.0 = Debug|Any CPU
		{10E1DBD4-46CF-4DC8-A11A-9410F75ADC15}.Release|Any CPU.ActiveCfg = Release|Any CPU
		{10E1DBD4-46CF-4DC8-A11A-9410F75ADC15}.Release|Any CPU.Build.0 = Release|Any CPU
	EndGlobalSection
	GlobalSection(SolutionProperties) = preSolution
		HideSolutionNode = FALSE
	EndGlobalSection
	GlobalSection(ExtensibilityGlobals) = postSolution
		SolutionGuid = {5AE2C703-8D33-49C0-9370-B6E72A5E999E}
	EndGlobalSection
EndGlobal
