
Microsoft Visual Studio Solution File, Format Version 12.00
# Visual Studio Version 17
VisualStudioVersion = 17.1.32210.238
MinimumVisualStudioVersion = 10.0.40219.1
Project("{FAE04EC0-301F-11D3-BF4B-00C04F79EFBC}") = "Aula_3", "Aula_3\Aula_3.csproj", "{04E3FBBC-678F-4924-8C92-E6F452050C38}"
EndProject
Global
	GlobalSection(SolutionConfigurationPlatforms) = preSolution
		Debug|Any CPU = Debug|Any CPU
		Release|Any CPU = Release|Any CPU
	EndGlobalSection
	GlobalSection(ProjectConfigurationPlatforms) = postSolution
		{04E3FBBC-678F-4924-8C92-E6F452050C38}.Debug|Any CPU.ActiveCfg = Debug|Any CPU
		{04E3FBBC-678F-4924-8C92-E6F452050C38}.Debug|Any CPU.Build.0 = Debug|Any CPU
		{04E3FBBC-678F-4924-8C92-E6F452050C38}.Release|Any CPU.ActiveCfg = Release|Any CPU
		{04E3FBBC-678F-4924-8C92-E6F452050C38}.Release|Any CPU.Build.0 = Release|Any CPU
	EndGlobalSection
	GlobalSection(SolutionProperties) = preSolution
		HideSolutionNode = FALSE
	EndGlobalSection
	GlobalSection(ExtensibilityGlobals) = postSolution
		SolutionGuid = {7C7979A1-4808-425D-BE55-F18EA7626C83}
	EndGlobalSection
EndGlobal
