
Microsoft Visual Studio Solution File, Format Version 12.00
# Visual Studio Version 17
VisualStudioVersion = 17.1.32328.378
MinimumVisualStudioVersion = 10.0.40219.1
Project("{FAE04EC0-301F-11D3-BF4B-00C04F79EFBC}") = "Projeto_CRUD_Pessoa", "Projeto_CRUD_Pessoa\Projeto_CRUD_Pessoa.csproj", "{613E5238-8915-4B64-A1B2-CFEEDB091422}"
EndProject
Global
	GlobalSection(SolutionConfigurationPlatforms) = preSolution
		Debug|Any CPU = Debug|Any CPU
		Release|Any CPU = Release|Any CPU
	EndGlobalSection
	GlobalSection(ProjectConfigurationPlatforms) = postSolution
		{613E5238-8915-4B64-A1B2-CFEEDB091422}.Debug|Any CPU.ActiveCfg = Debug|Any CPU
		{613E5238-8915-4B64-A1B2-CFEEDB091422}.Debug|Any CPU.Build.0 = Debug|Any CPU
		{613E5238-8915-4B64-A1B2-CFEEDB091422}.Release|Any CPU.ActiveCfg = Release|Any CPU
		{613E5238-8915-4B64-A1B2-CFEEDB091422}.Release|Any CPU.Build.0 = Release|Any CPU
	EndGlobalSection
	GlobalSection(SolutionProperties) = preSolution
		HideSolutionNode = FALSE
	EndGlobalSection
	GlobalSection(ExtensibilityGlobals) = postSolution
		SolutionGuid = {E114BF8C-2255-429D-BFCA-3AF48F2C346C}
	EndGlobalSection
EndGlobal
