
Microsoft Visual Studio Solution File, Format Version 12.00
# Visual Studio Version 17
VisualStudioVersion = 17.1.32210.238
MinimumVisualStudioVersion = 10.0.40219.1
Project("{FAE04EC0-301F-11D3-BF4B-00C04F79EFBC}") = "Aula_1", "Aula_1\Aula_1.csproj", "{A9A5AE5D-D325-4236-95F5-87A767290358}"
EndProject
Global
	GlobalSection(SolutionConfigurationPlatforms) = preSolution
		Debug|Any CPU = Debug|Any CPU
		Release|Any CPU = Release|Any CPU
	EndGlobalSection
	GlobalSection(ProjectConfigurationPlatforms) = postSolution
		{A9A5AE5D-D325-4236-95F5-87A767290358}.Debug|Any CPU.ActiveCfg = Debug|Any CPU
		{A9A5AE5D-D325-4236-95F5-87A767290358}.Debug|Any CPU.Build.0 = Debug|Any CPU
		{A9A5AE5D-D325-4236-95F5-87A767290358}.Release|Any CPU.ActiveCfg = Release|Any CPU
		{A9A5AE5D-D325-4236-95F5-87A767290358}.Release|Any CPU.Build.0 = Release|Any CPU
	EndGlobalSection
	GlobalSection(SolutionProperties) = preSolution
		HideSolutionNode = FALSE
	EndGlobalSection
	GlobalSection(ExtensibilityGlobals) = postSolution
		SolutionGuid = {312EF1B0-97AE-4BBC-BF6F-E40E50AC4F69}
	EndGlobalSection
EndGlobal
