
Microsoft Visual Studio Solution File, Format Version 12.00
# Visual Studio Version 17
VisualStudioVersion = 17.1.32210.238
MinimumVisualStudioVersion = 10.0.40219.1
Project("{FAE04EC0-301F-11D3-BF4B-00C04F79EFBC}") = "Projeto_Pizzaria", "Projeto_Pizzaria\Projeto_Pizzaria.csproj", "{B4160B09-F856-4D40-BBF9-6F2ED0E4518B}"
EndProject
Global
	GlobalSection(SolutionConfigurationPlatforms) = preSolution
		Debug|Any CPU = Debug|Any CPU
		Release|Any CPU = Release|Any CPU
	EndGlobalSection
	GlobalSection(ProjectConfigurationPlatforms) = postSolution
		{B4160B09-F856-4D40-BBF9-6F2ED0E4518B}.Debug|Any CPU.ActiveCfg = Debug|Any CPU
		{B4160B09-F856-4D40-BBF9-6F2ED0E4518B}.Debug|Any CPU.Build.0 = Debug|Any CPU
		{B4160B09-F856-4D40-BBF9-6F2ED0E4518B}.Release|Any CPU.ActiveCfg = Release|Any CPU
		{B4160B09-F856-4D40-BBF9-6F2ED0E4518B}.Release|Any CPU.Build.0 = Release|Any CPU
	EndGlobalSection
	GlobalSection(SolutionProperties) = preSolution
		HideSolutionNode = FALSE
	EndGlobalSection
	GlobalSection(ExtensibilityGlobals) = postSolution
		SolutionGuid = {D910B4F1-FACE-49F6-8130-0A8CFC9EAD3E}
	EndGlobalSection
EndGlobal
