
Microsoft Visual Studio Solution File, Format Version 12.00
# Visual Studio Version 17
VisualStudioVersion = 17.1.32210.238
MinimumVisualStudioVersion = 10.0.40219.1
Project("{FAE04EC0-301F-11D3-BF4B-00C04F79EFBC}") = "Aula_1", "Aula_1\Aula_1.csproj", "{C02B744C-D013-4650-957A-F3ABA46DE8B4}"
EndProject
Global
	GlobalSection(SolutionConfigurationPlatforms) = preSolution
		Debug|Any CPU = Debug|Any CPU
		Release|Any CPU = Release|Any CPU
	EndGlobalSection
	GlobalSection(ProjectConfigurationPlatforms) = postSolution
		{C02B744C-D013-4650-957A-F3ABA46DE8B4}.Debug|Any CPU.ActiveCfg = Debug|Any CPU
		{C02B744C-D013-4650-957A-F3ABA46DE8B4}.Debug|Any CPU.Build.0 = Debug|Any CPU
		{C02B744C-D013-4650-957A-F3ABA46DE8B4}.Release|Any CPU.ActiveCfg = Release|Any CPU
		{C02B744C-D013-4650-957A-F3ABA46DE8B4}.Release|Any CPU.Build.0 = Release|Any CPU
	EndGlobalSection
	GlobalSection(SolutionProperties) = preSolution
		HideSolutionNode = FALSE
	EndGlobalSection
	GlobalSection(ExtensibilityGlobals) = postSolution
		SolutionGuid = {011D4852-81ED-42A6-8C18-E1BCE8620B01}
	EndGlobalSection
EndGlobal
